
Microsoft Visual Studio Solution File, Format Version 12.00
# Visual Studio Version 17
VisualStudioVersion = 17.13.35931.197 d17.13
MinimumVisualStudioVersion = 10.0.40219.1
Project("{FAE04EC0-301F-11D3-BF4B-00C04F79EFBC}") = "WpfApp1", "WpfApp1.csproj", "{413FBD70-26B9-474C-916B-AAA6C0E22541}"
EndProject
Global
	GlobalSection(SolutionConfigurationPlatforms) = preSolution
		Debug|Any CPU = Debug|Any CPU
		Release|Any CPU = Release|Any CPU
	EndGlobalSection
	GlobalSection(ProjectConfigurationPlatforms) = postSolution
		{413FBD70-26B9-474C-916B-AAA6C0E22541}.Debug|Any CPU.ActiveCfg = Debug|Any CPU
		{413FBD70-26B9-474C-916B-AAA6C0E22541}.Debug|Any CPU.Build.0 = Debug|Any CPU
		{413FBD70-26B9-474C-916B-AAA6C0E22541}.Release|Any CPU.ActiveCfg = Release|Any CPU
		{413FBD70-26B9-474C-916B-AAA6C0E22541}.Release|Any CPU.Build.0 = Release|Any CPU
	EndGlobalSection
	GlobalSection(SolutionProperties) = preSolution
		HideSolutionNode = FALSE
	EndGlobalSection
	GlobalSection(ExtensibilityGlobals) = postSolution
		SolutionGuid = {2481A8BB-F236-4B0F-AD37-5AE29C21C107}
	EndGlobalSection
EndGlobal
