
Microsoft Visual Studio Solution File, Format Version 12.00
# Visual Studio Version 17
VisualStudioVersion = 17.13.35931.197 d17.13
MinimumVisualStudioVersion = 10.0.40219.1
Project("{FAE04EC0-301F-11D3-BF4B-00C04F79EFBC}") = "WpfApp1", "WpfApp1.csproj", "{958E2DB5-36DB-4576-A7EB-90A8B7707430}"
EndProject
Global
	GlobalSection(SolutionConfigurationPlatforms) = preSolution
		Debug|Any CPU = Debug|Any CPU
		Release|Any CPU = Release|Any CPU
	EndGlobalSection
	GlobalSection(ProjectConfigurationPlatforms) = postSolution
		{958E2DB5-36DB-4576-A7EB-90A8B7707430}.Debug|Any CPU.ActiveCfg = Debug|Any CPU
		{958E2DB5-36DB-4576-A7EB-90A8B7707430}.Debug|Any CPU.Build.0 = Debug|Any CPU
		{958E2DB5-36DB-4576-A7EB-90A8B7707430}.Release|Any CPU.ActiveCfg = Release|Any CPU
		{958E2DB5-36DB-4576-A7EB-90A8B7707430}.Release|Any CPU.Build.0 = Release|Any CPU
	EndGlobalSection
	GlobalSection(SolutionProperties) = preSolution
		HideSolutionNode = FALSE
	EndGlobalSection
	GlobalSection(ExtensibilityGlobals) = postSolution
		SolutionGuid = {3961F3F7-5019-4E55-81B3-0614F2BEF38B}
	EndGlobalSection
EndGlobal
